
Microsoft Visual Studio Solution File, Format Version 12.00
# Visual Studio Version 17
VisualStudioVersion = 17.10.35122.118
MinimumVisualStudioVersion = 10.0.40219.1
Project("{9A19103F-16F7-4668-BE54-9A1E7A4F7556}") = "BookLibrary.Core", "BookLibrary.Core\BookLibrary.Core.csproj", "{A92019EC-B718-4354-84F0-463D202FFDFA}"
EndProject
Project("{9A19103F-16F7-4668-BE54-9A1E7A4F7556}") = "BookLibrary.Application", "BookLibrary.Application\BookLibrary.Application.csproj", "{C1B1DEB8-D3C3-4D3D-81CD-7108AD127D09}"
EndProject
Project("{9A19103F-16F7-4668-BE54-9A1E7A4F7556}") = "BookLibrary.Database", "BookLibrary.Database\BookLibrary.Database.csproj", "{65C7BD5B-73B2-4AD9-AFA7-AC118EF84D3F}"
EndProject
Project("{FAE04EC0-301F-11D3-BF4B-00C04F79EFBC}") = "BookLibrary.API", "BookLibrary.API\BookLibrary.API.csproj", "{3AA66EE8-75FE-4758-A3B5-E933EDE0A32A}"
EndProject
Global
	GlobalSection(SolutionConfigurationPlatforms) = preSolution
		Debug|Any CPU = Debug|Any CPU
		Release|Any CPU = Release|Any CPU
	EndGlobalSection
	GlobalSection(ProjectConfigurationPlatforms) = postSolution
		{A92019EC-B718-4354-84F0-463D202FFDFA}.Debug|Any CPU.ActiveCfg = Debug|Any CPU
		{A92019EC-B718-4354-84F0-463D202FFDFA}.Debug|Any CPU.Build.0 = Debug|Any CPU
		{A92019EC-B718-4354-84F0-463D202FFDFA}.Release|Any CPU.ActiveCfg = Release|Any CPU
		{A92019EC-B718-4354-84F0-463D202FFDFA}.Release|Any CPU.Build.0 = Release|Any CPU
		{C1B1DEB8-D3C3-4D3D-81CD-7108AD127D09}.Debug|Any CPU.ActiveCfg = Debug|Any CPU
		{C1B1DEB8-D3C3-4D3D-81CD-7108AD127D09}.Debug|Any CPU.Build.0 = Debug|Any CPU
		{C1B1DEB8-D3C3-4D3D-81CD-7108AD127D09}.Release|Any CPU.ActiveCfg = Release|Any CPU
		{C1B1DEB8-D3C3-4D3D-81CD-7108AD127D09}.Release|Any CPU.Build.0 = Release|Any CPU
		{65C7BD5B-73B2-4AD9-AFA7-AC118EF84D3F}.Debug|Any CPU.ActiveCfg = Debug|Any CPU
		{65C7BD5B-73B2-4AD9-AFA7-AC118EF84D3F}.Debug|Any CPU.Build.0 = Debug|Any CPU
		{65C7BD5B-73B2-4AD9-AFA7-AC118EF84D3F}.Release|Any CPU.ActiveCfg = Release|Any CPU
		{65C7BD5B-73B2-4AD9-AFA7-AC118EF84D3F}.Release|Any CPU.Build.0 = Release|Any CPU
		{3AA66EE8-75FE-4758-A3B5-E933EDE0A32A}.Debug|Any CPU.ActiveCfg = Debug|Any CPU
		{3AA66EE8-75FE-4758-A3B5-E933EDE0A32A}.Debug|Any CPU.Build.0 = Debug|Any CPU
		{3AA66EE8-75FE-4758-A3B5-E933EDE0A32A}.Release|Any CPU.ActiveCfg = Release|Any CPU
		{3AA66EE8-75FE-4758-A3B5-E933EDE0A32A}.Release|Any CPU.Build.0 = Release|Any CPU
	EndGlobalSection
	GlobalSection(SolutionProperties) = preSolution
		HideSolutionNode = FALSE
	EndGlobalSection
	GlobalSection(ExtensibilityGlobals) = postSolution
		SolutionGuid = {9832C541-666E-4F17-898A-D74A4FC99F75}
	EndGlobalSection
EndGlobal
